
Microsoft Visual Studio Solution File, Format Version 12.00
# Visual Studio Version 17
VisualStudioVersion = 17.3.32901.215
MinimumVisualStudioVersion = 10.0.40219.1
Project("{FAE04EC0-301F-11D3-BF4B-00C04F79EFBC}") = "Cwiki2AZ", "Cwiki2AZ\Cwiki2AZ.csproj", "{DFCC0232-AE17-4AE4-86B9-B2F66680977E}"
EndProject
Global
	GlobalSection(SolutionConfigurationPlatforms) = preSolution
		Debug|Any CPU = Debug|Any CPU
		Release|Any CPU = Release|Any CPU
	EndGlobalSection
	GlobalSection(ProjectConfigurationPlatforms) = postSolution
		{DFCC0232-AE17-4AE4-86B9-B2F66680977E}.Debug|Any CPU.ActiveCfg = Debug|Any CPU
		{DFCC0232-AE17-4AE4-86B9-B2F66680977E}.Debug|Any CPU.Build.0 = Debug|Any CPU
		{DFCC0232-AE17-4AE4-86B9-B2F66680977E}.Release|Any CPU.ActiveCfg = Release|Any CPU
		{DFCC0232-AE17-4AE4-86B9-B2F66680977E}.Release|Any CPU.Build.0 = Release|Any CPU
	EndGlobalSection
	GlobalSection(SolutionProperties) = preSolution
		HideSolutionNode = FALSE
	EndGlobalSection
	GlobalSection(ExtensibilityGlobals) = postSolution
		SolutionGuid = {7A53EEF2-483B-417A-8F95-B5B1099576E7}
	EndGlobalSection
EndGlobal
